
Microsoft Visual Studio Solution File, Format Version 9.00
# Visual Studio 2005
Project("{E24C65DC-7377-472B-9ABA-BC803B73C61A}") = "C:\projects\jsonproxy\", ".", "{8D4D6985-0217-4F4E-A30B-45110CE14A57}"
	ProjectSection(WebsiteProperties) = preProject
		Debug.AspNetCompiler.VirtualPath = "/jsonproxy"
		Debug.AspNetCompiler.PhysicalPath = "..\..\..\..\..\..\projects\jsonproxy\"
		Debug.AspNetCompiler.TargetPath = "PrecompiledWeb\jsonproxy\"
		Debug.AspNetCompiler.Updateable = "true"
		Debug.AspNetCompiler.ForceOverwrite = "true"
		Debug.AspNetCompiler.FixedNames = "false"
		Debug.AspNetCompiler.Debug = "True"
		Release.AspNetCompiler.VirtualPath = "/jsonproxy"
		Release.AspNetCompiler.PhysicalPath = "..\..\..\..\..\..\projects\jsonproxy\"
		Release.AspNetCompiler.TargetPath = "PrecompiledWeb\jsonproxy\"
		Release.AspNetCompiler.Updateable = "true"
		Release.AspNetCompiler.ForceOverwrite = "true"
		Release.AspNetCompiler.FixedNames = "false"
		Release.AspNetCompiler.Debug = "False"
		VWDPort = "2853"
	EndProjectSection
EndProject
Global
	GlobalSection(SolutionConfigurationPlatforms) = preSolution
		Debug|.NET = Debug|.NET
	EndGlobalSection
	GlobalSection(ProjectConfigurationPlatforms) = postSolution
		{8D4D6985-0217-4F4E-A30B-45110CE14A57}.Debug|.NET.ActiveCfg = Debug|.NET
		{8D4D6985-0217-4F4E-A30B-45110CE14A57}.Debug|.NET.Build.0 = Debug|.NET
	EndGlobalSection
	GlobalSection(SolutionProperties) = preSolution
		HideSolutionNode = FALSE
	EndGlobalSection
EndGlobal
